
Microsoft Visual Studio Solution File, Format Version 12.00
# Visual Studio Version 17
VisualStudioVersion = 17.13.35825.156 d17.13
MinimumVisualStudioVersion = 10.0.40219.1
Project("{FAE04EC0-301F-11D3-BF4B-00C04F79EFBC}") = "DataBooks", "DataBooks.csproj", "{50F366AB-ECF3-4DBA-92EE-CA90CBD3239C}"
EndProject
Global
	GlobalSection(SolutionConfigurationPlatforms) = preSolution
		Debug|Any CPU = Debug|Any CPU
		Release|Any CPU = Release|Any CPU
	EndGlobalSection
	GlobalSection(ProjectConfigurationPlatforms) = postSolution
		{50F366AB-ECF3-4DBA-92EE-CA90CBD3239C}.Debug|Any CPU.ActiveCfg = Debug|Any CPU
		{50F366AB-ECF3-4DBA-92EE-CA90CBD3239C}.Debug|Any CPU.Build.0 = Debug|Any CPU
		{50F366AB-ECF3-4DBA-92EE-CA90CBD3239C}.Release|Any CPU.ActiveCfg = Release|Any CPU
		{50F366AB-ECF3-4DBA-92EE-CA90CBD3239C}.Release|Any CPU.Build.0 = Release|Any CPU
	EndGlobalSection
	GlobalSection(SolutionProperties) = preSolution
		HideSolutionNode = FALSE
	EndGlobalSection
	GlobalSection(ExtensibilityGlobals) = postSolution
		SolutionGuid = {5AC14C6A-0339-4140-87BF-392FCDC43722}
	EndGlobalSection
EndGlobal
